
Microsoft Visual Studio Solution File, Format Version 12.00
# Visual Studio 15
VisualStudioVersion = 15.0.28307.705
MinimumVisualStudioVersion = 10.0.40219.1
Project("{FAE04EC0-301F-11D3-BF4B-00C04F79EFBC}") = "WebApplication2", "WebApplication2\WebApplication2.csproj", "{78F62644-AEFB-4309-ABB1-AB03F477DE19}"
EndProject
Global
	GlobalSection(SolutionConfigurationPlatforms) = preSolution
		Debug|Any CPU = Debug|Any CPU
		Release|Any CPU = Release|Any CPU
	EndGlobalSection
	GlobalSection(ProjectConfigurationPlatforms) = postSolution
		{78F62644-AEFB-4309-ABB1-AB03F477DE19}.Debug|Any CPU.ActiveCfg = Debug|Any CPU
		{78F62644-AEFB-4309-ABB1-AB03F477DE19}.Debug|Any CPU.Build.0 = Debug|Any CPU
		{78F62644-AEFB-4309-ABB1-AB03F477DE19}.Release|Any CPU.ActiveCfg = Release|Any CPU
		{78F62644-AEFB-4309-ABB1-AB03F477DE19}.Release|Any CPU.Build.0 = Release|Any CPU
	EndGlobalSection
	GlobalSection(SolutionProperties) = preSolution
		HideSolutionNode = FALSE
	EndGlobalSection
	GlobalSection(ExtensibilityGlobals) = postSolution
		SolutionGuid = {483131AC-EEEC-4694-B9C7-018E777FFCBF}
	EndGlobalSection
EndGlobal
